
Microsoft Visual Studio Solution File, Format Version 12.00
# Visual Studio 2013
VisualStudioVersion = 12.0.31101.0
MinimumVisualStudioVersion = 10.0.40219.1
Project("{FAE04EC0-301F-11D3-BF4B-00C04F79EFBC}") = "letterInterview", "letterInterview\letterInterview.csproj", "{31E7267B-716B-4A59-889E-4C964E1E989D}"
EndProject
Global
	GlobalSection(SolutionConfigurationPlatforms) = preSolution
		Debug|Any CPU = Debug|Any CPU
		Release|Any CPU = Release|Any CPU
	EndGlobalSection
	GlobalSection(ProjectConfigurationPlatforms) = postSolution
		{31E7267B-716B-4A59-889E-4C964E1E989D}.Debug|Any CPU.ActiveCfg = Debug|Any CPU
		{31E7267B-716B-4A59-889E-4C964E1E989D}.Debug|Any CPU.Build.0 = Debug|Any CPU
		{31E7267B-716B-4A59-889E-4C964E1E989D}.Release|Any CPU.ActiveCfg = Release|Any CPU
		{31E7267B-716B-4A59-889E-4C964E1E989D}.Release|Any CPU.Build.0 = Release|Any CPU
	EndGlobalSection
	GlobalSection(SolutionProperties) = preSolution
		HideSolutionNode = FALSE
	EndGlobalSection
EndGlobal
